
Microsoft Visual Studio Solution File, Format Version 12.00
# Visual Studio Version 16
VisualStudioVersion = 16.0.29326.143
MinimumVisualStudioVersion = 10.0.40219.1
Project("{9A19103F-16F7-4668-BE54-9A1E7A4F7556}") = "MountedMagicMirrors", "MountedMagicMirrors.csproj", "{DC7EBE0D-A290-4399-BE49-6129D6D29FEE}"
EndProject
Global
	GlobalSection(SolutionConfigurationPlatforms) = preSolution
		Debug|Any CPU = Debug|Any CPU
		Release|Any CPU = Release|Any CPU
	EndGlobalSection
	GlobalSection(ProjectConfigurationPlatforms) = postSolution
		{DC7EBE0D-A290-4399-BE49-6129D6D29FEE}.Debug|Any CPU.ActiveCfg = Debug|Any CPU
		{DC7EBE0D-A290-4399-BE49-6129D6D29FEE}.Debug|Any CPU.Build.0 = Debug|Any CPU
		{DC7EBE0D-A290-4399-BE49-6129D6D29FEE}.Release|Any CPU.ActiveCfg = Release|Any CPU
		{DC7EBE0D-A290-4399-BE49-6129D6D29FEE}.Release|Any CPU.Build.0 = Release|Any CPU
	EndGlobalSection
	GlobalSection(SolutionProperties) = preSolution
		HideSolutionNode = FALSE
	EndGlobalSection
	GlobalSection(ExtensibilityGlobals) = postSolution
		SolutionGuid = {F439ED9C-AF2B-493C-B073-3A2C0509A35D}
	EndGlobalSection
EndGlobal
